# Generated by pub
# See https://dart.dev/tools/pub/glossary#lockfile
packages:
  _flutterfire_internals:
    dependency: transitive
    description:
      name: _flutterfire_internals
      sha256: f871a7d1b686bea1f13722aa51ab31554d05c81f47054d6de48cc8c45153508b
      url: "https://pub.dev"
    source: hosted
    version: "1.3.63"
  args:
    dependency: transitive
    description:
      name: args
      sha256: d0481093c50b1da8910eb0bb301626d4d8eb7284aa739614d2b394ee09e3ea04
      url: "https://pub.dev"
    source: hosted
    version: "2.7.0"
  async:
    dependency: transitive
    description:
      name: async
      sha256: "758e6d74e971c3e5aceb4110bfd6698efc7f501675bcfe0c775459a8140750eb"
      url: "https://pub.dev"
    source: hosted
    version: "2.13.0"
  background_downloader:
    dependency: transitive
    description:
      name: background_downloader
      sha256: a22acfa37aa06ba5cfe6eb7b1aa700c78af64770ff450c73dd3d279d7c37d4ac
      url: "https://pub.dev"
    source: hosted
    version: "9.2.6"
  bloc:
    dependency: transitive
    description:
      name: bloc
      sha256: "106842ad6569f0b60297619e9e0b1885c2fb9bf84812935490e6c5275777804e"
      url: "https://pub.dev"
    source: hosted
    version: "8.1.4"
  boolean_selector:
    dependency: transitive
    description:
      name: boolean_selector
      sha256: "8aab1771e1243a5063b8b0ff68042d67334e3feab9e95b9490f9a6ebf73b42ea"
      url: "https://pub.dev"
    source: hosted
    version: "2.1.2"
  characters:
    dependency: transitive
    description:
      name: characters
      sha256: f71061c654a3380576a52b451dd5532377954cf9dbd272a78fc8479606670803
      url: "https://pub.dev"
    source: hosted
    version: "1.4.0"
  clock:
    dependency: transitive
    description:
      name: clock
      sha256: fddb70d9b5277016c77a80201021d40a2247104d9f4aa7bab7157b7e3f05b84b
      url: "https://pub.dev"
    source: hosted
    version: "1.1.2"
  cloud_functions:
    dependency: "direct main"
    description:
      name: cloud_functions
      sha256: "8fd4a0d2bb12e83006118f04b6544803557afbacdc47a0e1dee2b625e94eba34"
      url: "https://pub.dev"
    source: hosted
    version: "6.0.3"
  cloud_functions_platform_interface:
    dependency: transitive
    description:
      name: cloud_functions_platform_interface
      sha256: de3c364af4849295dbe4143984aa24057919647a8aa8dfe1822159f8cf396270
      url: "https://pub.dev"
    source: hosted
    version: "5.8.6"
  cloud_functions_web:
    dependency: transitive
    description:
      name: cloud_functions_web
      sha256: "79ae1feb15947d0f4e827119a60c098aae3d9cec7c2e85eb2edea1f783a7df28"
      url: "https://pub.dev"
    source: hosted
    version: "5.0.3"
  collection:
    dependency: transitive
    description:
      name: collection
      sha256: "2f5709ae4d3d59dd8f7cd309b4e023046b57d8a6c82130785d2b0e5868084e76"
      url: "https://pub.dev"
    source: hosted
    version: "1.19.1"
  crypto:
    dependency: transitive
    description:
      name: crypto
      sha256: "1e445881f28f22d6140f181e07737b22f1e099a5e1ff94b0af2f9e4a463f4855"
      url: "https://pub.dev"
    source: hosted
    version: "3.0.6"
  cupertino_icons:
    dependency: "direct main"
    description:
      name: cupertino_icons
      sha256: ba631d1c7f7bef6b729a622b7b752645a2d076dba9976925b8f25725a30e1ee6
      url: "https://pub.dev"
    source: hosted
    version: "1.0.8"
  equatable:
    dependency: "direct main"
    description:
      name: equatable
      sha256: "567c64b3cb4cf82397aac55f4f0cbd3ca20d77c6c03bedbc4ceaddc08904aef7"
      url: "https://pub.dev"
    source: hosted
    version: "2.0.7"
  fake_async:
    dependency: transitive
    description:
      name: fake_async
      sha256: "5368f224a74523e8d2e7399ea1638b37aecfca824a3cc4dfdf77bf1fa905ac44"
      url: "https://pub.dev"
    source: hosted
    version: "1.3.3"
  ffi:
    dependency: transitive
    description:
      name: ffi
      sha256: "289279317b4b16eb2bb7e271abccd4bf84ec9bdcbe999e278a94b804f5630418"
      url: "https://pub.dev"
    source: hosted
    version: "2.1.4"
  file:
    dependency: transitive
    description:
      name: file
      sha256: a3b4f84adafef897088c160faf7dfffb7696046cb13ae90b508c2cbc95d3b8d4
      url: "https://pub.dev"
    source: hosted
    version: "7.0.1"
  firebase_ai:
    dependency: "direct main"
    description:
      name: firebase_ai
      sha256: "97b6a6d642f2f0ef1b19a1ebbe294d8e3d04fbcd092e4d4be77f21713b91e5c1"
      url: "https://pub.dev"
    source: hosted
    version: "3.4.0"
  firebase_app_check:
    dependency: transitive
    description:
      name: firebase_app_check
      sha256: cba9987ae8f3263c7a0ee778a49b8811df526344eb4ea4fd01f570a14e38f3de
      url: "https://pub.dev"
    source: hosted
    version: "0.4.1+1"
  firebase_app_check_platform_interface:
    dependency: transitive
    description:
      name: firebase_app_check_platform_interface
      sha256: "3943857956ab1c7c4425050c72fecf51ac743d2291b12b5bc580e9a32aa419fb"
      url: "https://pub.dev"
    source: hosted
    version: "0.2.1+1"
  firebase_app_check_web:
    dependency: transitive
    description:
      name: firebase_app_check_web
      sha256: "3b51c73ee1bbdbf5c6fcdfb999c6e884ec61f892c74076e60c44ff8048b443e3"
      url: "https://pub.dev"
    source: hosted
    version: "0.2.1+1"
  firebase_auth:
    dependency: transitive
    description:
      name: firebase_auth
      sha256: "3150a56fc0f20b4b926e1343bfdca3acb591a0aa1c95bae5426353f384085352"
      url: "https://pub.dev"
    source: hosted
    version: "6.1.1"
  firebase_auth_platform_interface:
    dependency: transitive
    description:
      name: firebase_auth_platform_interface
      sha256: "7bc50c0d74dd8f4c72d7840ae64ea7b638f203d089e5c4a90a157b2f2ead1963"
      url: "https://pub.dev"
    source: hosted
    version: "8.1.3"
  firebase_auth_web:
    dependency: transitive
    description:
      name: firebase_auth_web
      sha256: "351dcb82bc542e21a426cd97ffcc40d7232981dafc3fd89a6c932876a09240e1"
      url: "https://pub.dev"
    source: hosted
    version: "6.0.4"
  firebase_core:
    dependency: "direct main"
    description:
      name: firebase_core
      sha256: "132e1c311bc41e7d387b575df0aacdf24efbf4930365eb61042be5bde3978f03"
      url: "https://pub.dev"
    source: hosted
    version: "4.2.0"
  firebase_core_platform_interface:
    dependency: transitive
    description:
      name: firebase_core_platform_interface
      sha256: cccb4f572325dc14904c02fcc7db6323ad62ba02536833dddb5c02cac7341c64
      url: "https://pub.dev"
    source: hosted
    version: "6.0.2"
  firebase_core_web:
    dependency: transitive
    description:
      name: firebase_core_web
      sha256: ecde2def458292404a4fcd3731ee4992fd631a0ec359d2d67c33baa8da5ec8ae
      url: "https://pub.dev"
    source: hosted
    version: "3.2.0"
  flutter:
    dependency: "direct main"
    description: flutter
    source: sdk
    version: "0.0.0"
  flutter_bloc:
    dependency: "direct main"
    description:
      name: flutter_bloc
      sha256: b594505eac31a0518bdcb4b5b79573b8d9117b193cc80cc12e17d639b10aa27a
      url: "https://pub.dev"
    source: hosted
    version: "8.1.6"
  flutter_gemma:
    dependency: "direct main"
    description:
      name: flutter_gemma
      sha256: "12146fa9bb9584d535263272759901f85ab3acdf74eb9874c050fe5e87c10576"
      url: "https://pub.dev"
    source: hosted
    version: "0.11.5"
  flutter_lints:
    dependency: "direct dev"
    description:
      name: flutter_lints
      sha256: "3105dc8492f6183fb076ccf1f351ac3d60564bff92e20bfc4af9cc1651f4e7e1"
      url: "https://pub.dev"
    source: hosted
    version: "6.0.0"
  flutter_markdown:
    dependency: "direct main"
    description:
      name: flutter_markdown
      sha256: "08fb8315236099ff8e90cb87bb2b935e0a724a3af1623000a9cec930468e0f27"
      url: "https://pub.dev"
    source: hosted
    version: "0.7.7+1"
  flutter_test:
    dependency: "direct dev"
    description: flutter
    source: sdk
    version: "0.0.0"
  flutter_web_plugins:
    dependency: transitive
    description: flutter
    source: sdk
    version: "0.0.0"
  http:
    dependency: "direct main"
    description:
      name: http
      sha256: bb2ce4590bc2667c96f318d68cac1b5a7987ec819351d32b1c987239a815e007
      url: "https://pub.dev"
    source: hosted
    version: "1.5.0"
  http_parser:
    dependency: transitive
    description:
      name: http_parser
      sha256: "178d74305e7866013777bab2c3d8726205dc5a4dd935297175b19a23a2e66571"
      url: "https://pub.dev"
    source: hosted
    version: "4.1.2"
  large_file_handler:
    dependency: transitive
    description:
      name: large_file_handler
      sha256: c2ecaf552e8039119bbe3a094d15aecbafe833899f30b2dcfbb513eddf76b36f
      url: "https://pub.dev"
    source: hosted
    version: "0.3.1"
  leak_tracker:
    dependency: transitive
    description:
      name: leak_tracker
      sha256: "6bb818ecbdffe216e81182c2f0714a2e62b593f4a4f13098713ff1685dfb6ab0"
      url: "https://pub.dev"
    source: hosted
    version: "10.0.9"
  leak_tracker_flutter_testing:
    dependency: transitive
    description:
      name: leak_tracker_flutter_testing
      sha256: f8b613e7e6a13ec79cfdc0e97638fddb3ab848452eff057653abd3edba760573
      url: "https://pub.dev"
    source: hosted
    version: "3.0.9"
  leak_tracker_testing:
    dependency: transitive
    description:
      name: leak_tracker_testing
      sha256: "6ba465d5d76e67ddf503e1161d1f4a6bc42306f9d66ca1e8f079a47290fb06d3"
      url: "https://pub.dev"
    source: hosted
    version: "3.0.1"
  lints:
    dependency: transitive
    description:
      name: lints
      sha256: a5e2b223cb7c9c8efdc663ef484fdd95bb243bff242ef5b13e26883547fce9a0
      url: "https://pub.dev"
    source: hosted
    version: "6.0.0"
  logging:
    dependency: transitive
    description:
      name: logging
      sha256: c8245ada5f1717ed44271ed1c26b8ce85ca3228fd2ffdb75468ab01979309d61
      url: "https://pub.dev"
    source: hosted
    version: "1.3.0"
  markdown:
    dependency: transitive
    description:
      name: markdown
      sha256: "935e23e1ff3bc02d390bad4d4be001208ee92cc217cb5b5a6c19bc14aaa318c1"
      url: "https://pub.dev"
    source: hosted
    version: "7.3.0"
  matcher:
    dependency: transitive
    description:
      name: matcher
      sha256: dc58c723c3c24bf8d3e2d3ad3f2f9d7bd9cf43ec6feaa64181775e60190153f2
      url: "https://pub.dev"
    source: hosted
    version: "0.12.17"
  material_color_utilities:
    dependency: transitive
    description:
      name: material_color_utilities
      sha256: f7142bb1154231d7ea5f96bc7bde4bda2a0945d2806bb11670e30b850d56bdec
      url: "https://pub.dev"
    source: hosted
    version: "0.11.1"
  meta:
    dependency: transitive
    description:
      name: meta
      sha256: e3641ec5d63ebf0d9b41bd43201a66e3fc79a65db5f61fc181f04cd27aab950c
      url: "https://pub.dev"
    source: hosted
    version: "1.16.0"
  mime:
    dependency: transitive
    description:
      name: mime
      sha256: "41a20518f0cb1256669420fdba0cd90d21561e560ac240f26ef8322e45bb7ed6"
      url: "https://pub.dev"
    source: hosted
    version: "2.0.0"
  nested:
    dependency: transitive
    description:
      name: nested
      sha256: "03bac4c528c64c95c722ec99280375a6f2fc708eec17c7b3f07253b626cd2a20"
      url: "https://pub.dev"
    source: hosted
    version: "1.0.0"
  path:
    dependency: transitive
    description:
      name: path
      sha256: "75cca69d1490965be98c73ceaea117e8a04dd21217b37b292c9ddbec0d955bc5"
      url: "https://pub.dev"
    source: hosted
    version: "1.9.1"
  path_provider:
    dependency: transitive
    description:
      name: path_provider
      sha256: "50c5dd5b6e1aaf6fb3a78b33f6aa3afca52bf903a8a5298f53101fdaee55bbcd"
      url: "https://pub.dev"
    source: hosted
    version: "2.1.5"
  path_provider_android:
    dependency: transitive
    description:
      name: path_provider_android
      sha256: "3b4c1fc3aa55ddc9cd4aa6759984330d5c8e66aa7702a6223c61540dc6380c37"
      url: "https://pub.dev"
    source: hosted
    version: "2.2.19"
  path_provider_foundation:
    dependency: transitive
    description:
      name: path_provider_foundation
      sha256: "16eef174aacb07e09c351502740fa6254c165757638eba1e9116b0a781201bbd"
      url: "https://pub.dev"
    source: hosted
    version: "2.4.2"
  path_provider_linux:
    dependency: transitive
    description:
      name: path_provider_linux
      sha256: f7a1fe3a634fe7734c8d3f2766ad746ae2a2884abe22e241a8b301bf5cac3279
      url: "https://pub.dev"
    source: hosted
    version: "2.2.1"
  path_provider_platform_interface:
    dependency: transitive
    description:
      name: path_provider_platform_interface
      sha256: "88f5779f72ba699763fa3a3b06aa4bf6de76c8e5de842cf6f29e2e06476c2334"
      url: "https://pub.dev"
    source: hosted
    version: "2.1.2"
  path_provider_windows:
    dependency: transitive
    description:
      name: path_provider_windows
      sha256: bd6f00dbd873bfb70d0761682da2b3a2c2fccc2b9e84c495821639601d81afe7
      url: "https://pub.dev"
    source: hosted
    version: "2.3.0"
  platform:
    dependency: transitive
    description:
      name: platform
      sha256: "5d6b1b0036a5f331ebc77c850ebc8506cbc1e9416c27e59b439f917a902a4984"
      url: "https://pub.dev"
    source: hosted
    version: "3.1.6"
  plugin_platform_interface:
    dependency: transitive
    description:
      name: plugin_platform_interface
      sha256: "4820fbfdb9478b1ebae27888254d445073732dae3d6ea81f0b7e06d5dedc3f02"
      url: "https://pub.dev"
    source: hosted
    version: "2.1.8"
  provider:
    dependency: transitive
    description:
      name: provider
      sha256: "4e82183fa20e5ca25703ead7e05de9e4cceed1fbd1eadc1ac3cb6f565a09f272"
      url: "https://pub.dev"
    source: hosted
    version: "6.1.5+1"
  shared_preferences:
    dependency: transitive
    description:
      name: shared_preferences
      sha256: "6e8bf70b7fef813df4e9a36f658ac46d107db4b4cfe1048b477d4e453a8159f5"
      url: "https://pub.dev"
    source: hosted
    version: "2.5.3"
  shared_preferences_android:
    dependency: transitive
    description:
      name: shared_preferences_android
      sha256: bd14436108211b0d4ee5038689a56d4ae3620fd72fd6036e113bf1345bc74d9e
      url: "https://pub.dev"
    source: hosted
    version: "2.4.13"
  shared_preferences_foundation:
    dependency: transitive
    description:
      name: shared_preferences_foundation
      sha256: "6a52cfcdaeac77cad8c97b539ff688ccfc458c007b4db12be584fbe5c0e49e03"
      url: "https://pub.dev"
    source: hosted
    version: "2.5.4"
  shared_preferences_linux:
    dependency: transitive
    description:
      name: shared_preferences_linux
      sha256: "580abfd40f415611503cae30adf626e6656dfb2f0cee8f465ece7b6defb40f2f"
      url: "https://pub.dev"
    source: hosted
    version: "2.4.1"
  shared_preferences_platform_interface:
    dependency: transitive
    description:
      name: shared_preferences_platform_interface
      sha256: "57cbf196c486bc2cf1f02b85784932c6094376284b3ad5779d1b1c6c6a816b80"
      url: "https://pub.dev"
    source: hosted
    version: "2.4.1"
  shared_preferences_web:
    dependency: transitive
    description:
      name: shared_preferences_web
      sha256: c49bd060261c9a3f0ff445892695d6212ff603ef3115edbb448509d407600019
      url: "https://pub.dev"
    source: hosted
    version: "2.4.3"
  shared_preferences_windows:
    dependency: transitive
    description:
      name: shared_preferences_windows
      sha256: "94ef0f72b2d71bc3e700e025db3710911bd51a71cefb65cc609dd0d9a982e3c1"
      url: "https://pub.dev"
    source: hosted
    version: "2.4.1"
  sky_engine:
    dependency: transitive
    description: flutter
    source: sdk
    version: "0.0.0"
  source_span:
    dependency: transitive
    description:
      name: source_span
      sha256: "254ee5351d6cb365c859e20ee823c3bb479bf4a293c22d17a9f1bf144ce86f7c"
      url: "https://pub.dev"
    source: hosted
    version: "1.10.1"
  stack_trace:
    dependency: transitive
    description:
      name: stack_trace
      sha256: "8b27215b45d22309b5cddda1aa2b19bdfec9df0e765f2de506401c071d38d1b1"
      url: "https://pub.dev"
    source: hosted
    version: "1.12.1"
  stream_channel:
    dependency: transitive
    description:
      name: stream_channel
      sha256: "969e04c80b8bcdf826f8f16579c7b14d780458bd97f56d107d3950fdbeef059d"
      url: "https://pub.dev"
    source: hosted
    version: "2.1.4"
  string_scanner:
    dependency: transitive
    description:
      name: string_scanner
      sha256: "921cd31725b72fe181906c6a94d987c78e3b98c2e205b397ea399d4054872b43"
      url: "https://pub.dev"
    source: hosted
    version: "1.4.1"
  term_glyph:
    dependency: transitive
    description:
      name: term_glyph
      sha256: "7f554798625ea768a7518313e58f83891c7f5024f88e46e7182a4558850a4b8e"
      url: "https://pub.dev"
    source: hosted
    version: "1.2.2"
  test_api:
    dependency: transitive
    description:
      name: test_api
      sha256: fb31f383e2ee25fbbfe06b40fe21e1e458d14080e3c67e7ba0acfde4df4e0bbd
      url: "https://pub.dev"
    source: hosted
    version: "0.7.4"
  typed_data:
    dependency: transitive
    description:
      name: typed_data
      sha256: f9049c039ebfeb4cf7a7104a675823cd72dba8297f264b6637062516699fa006
      url: "https://pub.dev"
    source: hosted
    version: "1.4.0"
  url_launcher:
    dependency: "direct main"
    description:
      name: url_launcher
      sha256: f6a7e5c4835bb4e3026a04793a4199ca2d14c739ec378fdfe23fc8075d0439f8
      url: "https://pub.dev"
    source: hosted
    version: "6.3.2"
  url_launcher_android:
    dependency: transitive
    description:
      name: url_launcher_android
      sha256: "81777b08c498a292d93ff2feead633174c386291e35612f8da438d6e92c4447e"
      url: "https://pub.dev"
    source: hosted
    version: "6.3.20"
  url_launcher_ios:
    dependency: transitive
    description:
      name: url_launcher_ios
      sha256: d80b3f567a617cb923546034cc94bfe44eb15f989fe670b37f26abdb9d939cb7
      url: "https://pub.dev"
    source: hosted
    version: "6.3.4"
  url_launcher_linux:
    dependency: transitive
    description:
      name: url_launcher_linux
      sha256: "4e9ba368772369e3e08f231d2301b4ef72b9ff87c31192ef471b380ef29a4935"
      url: "https://pub.dev"
    source: hosted
    version: "3.2.1"
  url_launcher_macos:
    dependency: transitive
    description:
      name: url_launcher_macos
      sha256: c043a77d6600ac9c38300567f33ef12b0ef4f4783a2c1f00231d2b1941fea13f
      url: "https://pub.dev"
    source: hosted
    version: "3.2.3"
  url_launcher_platform_interface:
    dependency: transitive
    description:
      name: url_launcher_platform_interface
      sha256: "552f8a1e663569be95a8190206a38187b531910283c3e982193e4f2733f01029"
      url: "https://pub.dev"
    source: hosted
    version: "2.3.2"
  url_launcher_web:
    dependency: transitive
    description:
      name: url_launcher_web
      sha256: "4bd2b7b4dc4d4d0b94e5babfffbca8eac1a126c7f3d6ecbc1a11013faa3abba2"
      url: "https://pub.dev"
    source: hosted
    version: "2.4.1"
  url_launcher_windows:
    dependency: transitive
    description:
      name: url_launcher_windows
      sha256: "3284b6d2ac454cf34f114e1d3319866fdd1e19cdc329999057e44ffe936cfa77"
      url: "https://pub.dev"
    source: hosted
    version: "3.1.4"
  vector_math:
    dependency: transitive
    description:
      name: vector_math
      sha256: "80b3257d1492ce4d091729e3a67a60407d227c27241d6927be0130c98e741803"
      url: "https://pub.dev"
    source: hosted
    version: "2.1.4"
  vm_service:
    dependency: transitive
    description:
      name: vm_service
      sha256: ddfa8d30d89985b96407efce8acbdd124701f96741f2d981ca860662f1c0dc02
      url: "https://pub.dev"
    source: hosted
    version: "15.0.0"
  web:
    dependency: transitive
    description:
      name: web
      sha256: "868d88a33d8a87b18ffc05f9f030ba328ffefba92d6c127917a2ba740f9cfe4a"
      url: "https://pub.dev"
    source: hosted
    version: "1.1.1"
  web_socket:
    dependency: transitive
    description:
      name: web_socket
      sha256: "34d64019aa8e36bf9842ac014bb5d2f5586ca73df5e4d9bf5c936975cae6982c"
      url: "https://pub.dev"
    source: hosted
    version: "1.0.1"
  web_socket_channel:
    dependency: transitive
    description:
      name: web_socket_channel
      sha256: d645757fb0f4773d602444000a8131ff5d48c9e47adfe9772652dd1a4f2d45c8
      url: "https://pub.dev"
    source: hosted
    version: "3.0.3"
  xdg_directories:
    dependency: transitive
    description:
      name: xdg_directories
      sha256: "7a3f37b05d989967cdddcbb571f1ea834867ae2faa29725fd085180e0883aa15"
      url: "https://pub.dev"
    source: hosted
    version: "1.1.0"
sdks:
  dart: ">=3.8.0 <4.0.0"
  flutter: ">=3.29.0"
