PODS:
  - AppCheckCore (11.2.0):
    - GoogleUtilities/Environment (~> 8.0)
    - GoogleUtilities/UserDefaults (~> 8.0)
    - PromisesObjC (~> 2.4)
  - cloud_functions (6.0.0):
    - Firebase/Functions (= 12.0.0)
    - firebase_core
    - Flutter
  - Firebase/Auth (12.0.0):
    - Firebase/CoreOnly
    - FirebaseAuth (~> 12.0.0)
  - Firebase/CoreOnly (12.0.0):
    - FirebaseCore (~> 12.0.0)
  - Firebase/Functions (12.0.0):
    - Firebase/CoreOnly
    - FirebaseFunctions (~> 12.0.0)
  - firebase_app_check (0.4.0):
    - Firebase/CoreOnly (~> 12.0.0)
    - firebase_core
    - FirebaseAppCheck (~> 12.0.0)
    - Flutter
  - firebase_auth (6.0.1):
    - Firebase/Auth (= 12.0.0)
    - firebase_core
    - Flutter
  - firebase_core (4.0.0):
    - Firebase/CoreOnly (= 12.0.0)
    - Flutter
  - FirebaseAppCheck (12.0.0):
    - AppCheckCore (~> 11.0)
    - FirebaseAppCheckInterop (~> 12.0.0)
    - FirebaseCore (~> 12.0.0)
    - GoogleUtilities/Environment (~> 8.1)
    - GoogleUtilities/UserDefaults (~> 8.1)
  - FirebaseAppCheckInterop (12.0.0)
  - FirebaseAuth (12.0.0):
    - FirebaseAppCheckInterop (~> 12.0.0)
    - FirebaseAuthInterop (~> 12.0.0)
    - FirebaseCore (~> 12.0.0)
    - FirebaseCoreExtension (~> 12.0.0)
    - GoogleUtilities/AppDelegateSwizzler (~> 8.1)
    - GoogleUtilities/Environment (~> 8.1)
    - GTMSessionFetcher/Core (< 6.0, >= 3.4)
    - RecaptchaInterop (~> 101.0)
  - FirebaseAuthInterop (12.0.0)
  - FirebaseCore (12.0.0):
    - FirebaseCoreInternal (~> 12.0.0)
    - GoogleUtilities/Environment (~> 8.1)
    - GoogleUtilities/Logger (~> 8.1)
  - FirebaseCoreExtension (12.0.0):
    - FirebaseCore (~> 12.0.0)
  - FirebaseCoreInternal (12.0.0):
    - "GoogleUtilities/NSData+zlib (~> 8.1)"
  - FirebaseFunctions (12.0.0):
    - FirebaseAppCheckInterop (~> 12.0.0)
    - FirebaseAuthInterop (~> 12.0.0)
    - FirebaseCore (~> 12.0.0)
    - FirebaseCoreExtension (~> 12.0.0)
    - FirebaseMessagingInterop (~> 12.0.0)
    - FirebaseSharedSwift (~> 12.0.0)
    - GTMSessionFetcher/Core (< 6.0, >= 3.4)
  - FirebaseMessagingInterop (12.0.0)
  - FirebaseSharedSwift (12.0.0)
  - Flutter (1.0.0)
  - flutter_gemma (0.0.1):
    - Flutter
    - MediaPipeTasksGenAI (= 0.10.21)
    - MediaPipeTasksGenAIC (= 0.10.21)
  - GoogleUtilities/AppDelegateSwizzler (8.1.0):
    - GoogleUtilities/Environment
    - GoogleUtilities/Logger
    - GoogleUtilities/Network
    - GoogleUtilities/Privacy
  - GoogleUtilities/Environment (8.1.0):
    - GoogleUtilities/Privacy
  - GoogleUtilities/Logger (8.1.0):
    - GoogleUtilities/Environment
    - GoogleUtilities/Privacy
  - GoogleUtilities/Network (8.1.0):
    - GoogleUtilities/Logger
    - "GoogleUtilities/NSData+zlib"
    - GoogleUtilities/Privacy
    - GoogleUtilities/Reachability
  - "GoogleUtilities/NSData+zlib (8.1.0)":
    - GoogleUtilities/Privacy
  - GoogleUtilities/Privacy (8.1.0)
  - GoogleUtilities/Reachability (8.1.0):
    - GoogleUtilities/Logger
    - GoogleUtilities/Privacy
  - GoogleUtilities/UserDefaults (8.1.0):
    - GoogleUtilities/Logger
    - GoogleUtilities/Privacy
  - GTMSessionFetcher/Core (5.0.0)
  - large_file_handler (0.0.1):
    - Flutter
  - MediaPipeTasksGenAI (0.10.21):
    - MediaPipeTasksGenAIC (= 0.10.21)
  - MediaPipeTasksGenAIC (0.10.21)
  - path_provider_foundation (0.0.1):
    - Flutter
    - FlutterMacOS
  - PromisesObjC (2.4.0)
  - RecaptchaInterop (101.0.0)
  - shared_preferences_foundation (0.0.1):
    - Flutter
    - FlutterMacOS
  - url_launcher_ios (0.0.1):
    - Flutter

DEPENDENCIES:
  - cloud_functions (from `.symlinks/plugins/cloud_functions/ios`)
  - firebase_app_check (from `.symlinks/plugins/firebase_app_check/ios`)
  - firebase_auth (from `.symlinks/plugins/firebase_auth/ios`)
  - firebase_core (from `.symlinks/plugins/firebase_core/ios`)
  - Flutter (from `Flutter`)
  - flutter_gemma (from `.symlinks/plugins/flutter_gemma/ios`)
  - large_file_handler (from `.symlinks/plugins/large_file_handler/ios`)
  - path_provider_foundation (from `.symlinks/plugins/path_provider_foundation/darwin`)
  - shared_preferences_foundation (from `.symlinks/plugins/shared_preferences_foundation/darwin`)
  - url_launcher_ios (from `.symlinks/plugins/url_launcher_ios/ios`)

SPEC REPOS:
  trunk:
    - AppCheckCore
    - Firebase
    - FirebaseAppCheck
    - FirebaseAppCheckInterop
    - FirebaseAuth
    - FirebaseAuthInterop
    - FirebaseCore
    - FirebaseCoreExtension
    - FirebaseCoreInternal
    - FirebaseFunctions
    - FirebaseMessagingInterop
    - FirebaseSharedSwift
    - GoogleUtilities
    - GTMSessionFetcher
    - MediaPipeTasksGenAI
    - MediaPipeTasksGenAIC
    - PromisesObjC
    - RecaptchaInterop

EXTERNAL SOURCES:
  cloud_functions:
    :path: ".symlinks/plugins/cloud_functions/ios"
  firebase_app_check:
    :path: ".symlinks/plugins/firebase_app_check/ios"
  firebase_auth:
    :path: ".symlinks/plugins/firebase_auth/ios"
  firebase_core:
    :path: ".symlinks/plugins/firebase_core/ios"
  Flutter:
    :path: Flutter
  flutter_gemma:
    :path: ".symlinks/plugins/flutter_gemma/ios"
  large_file_handler:
    :path: ".symlinks/plugins/large_file_handler/ios"
  path_provider_foundation:
    :path: ".symlinks/plugins/path_provider_foundation/darwin"
  shared_preferences_foundation:
    :path: ".symlinks/plugins/shared_preferences_foundation/darwin"
  url_launcher_ios:
    :path: ".symlinks/plugins/url_launcher_ios/ios"

SPEC CHECKSUMS:
  AppCheckCore: cc8fd0a3a230ddd401f326489c99990b013f0c4f
  cloud_functions: 9b2e5ced78e97f80c1dcf7edfb293cf2e19fe71a
  Firebase: 800d487043c0557d9faed71477a38d9aafb08a41
  firebase_app_check: 967c2ec2cf3d109d1ead13889994b62e3868d6d3
  firebase_auth: 4734e8223034e214039a9a805ff2cfb323223e34
  firebase_core: 633e1851ffe1b9ab875f6467a4f574c79cef02e4
  FirebaseAppCheck: b91ab9185b0192dabe7efe83d4b66de33f0d83b0
  FirebaseAppCheckInterop: c848d06a04030c9858ef0ae555b82035dbe470d0
  FirebaseAuth: 654e4de84787c45d7265599a651038e854ccb439
  FirebaseAuthInterop: 002da671896af5e8879ae117dc604ed240b86e80
  FirebaseCore: 055f4ab117d5964158c833f3d5e7ec6d91648d4a
  FirebaseCoreExtension: 639afb3de6abd611952be78a794c54a47fa0f361
  FirebaseCoreInternal: dedc28e569a4be85f38f3d6af1070a2e12018d55
  FirebaseFunctions: a5d47653ed6262ba76d215e3097f105dcabc652c
  FirebaseMessagingInterop: 30024b4793b4876fa1e104e42949eb0273257e38
  FirebaseSharedSwift: 59266c22ccfcef604d725c034c568fa666ea9bda
  Flutter: e0871f40cf51350855a761d2e70bf5af5b9b5de7
  flutter_gemma: 59be0ce49a761bbf942ab8f18e85d300dc66009a
  GoogleUtilities: 00c88b9a86066ef77f0da2fab05f65d7768ed8e1
  GTMSessionFetcher: 02d6e866e90bc236f48a703a041dfe43e6221a29
  large_file_handler: b37481e9b4972562ffcdc8f75700f47cd592bcec
  MediaPipeTasksGenAI: 64f91ec1f2666abeb6dc719a8e8d1e2bf36374c0
  MediaPipeTasksGenAIC: 1df8d7c6fcbe797d2a04a514edd8b31445291ec8
  path_provider_foundation: 080d55be775b7414fd5a5ef3ac137b97b097e564
  PromisesObjC: f5707f49cb48b9636751c5b2e7d227e43fba9f47
  RecaptchaInterop: 11e0b637842dfb48308d242afc3f448062325aba
  shared_preferences_foundation: 9e1978ff2562383bd5676f64ec4e9aa8fa06a6f7
  url_launcher_ios: 694010445543906933d732453a59da0a173ae33d

PODFILE CHECKSUM: ded38b422d9242255ccf29312a30f6094f6be708

COCOAPODS: 1.16.2
